
Microsoft Visual Studio Solution File, Format Version 12.00
# Visual Studio Version 17
VisualStudioVersion = 17.0.32002.185
MinimumVisualStudioVersion = 10.0.40219.1
Project("{2150E333-8FDC-42A3-9474-1A3956D46DE8}") = "src", "src", "{827E0CD3-B72D-47B6-A68D-7590B98EB39B}"
EndProject
Project("{2150E333-8FDC-42A3-9474-1A3956D46DE8}") = "Service", "Service", "{D40739C2-B365-88A5-00D6-6C74FD5CFB3F}"
EndProject
Project("{FAE04EC0-301F-11D3-BF4B-00C04F79EFBC}") = "Acme.Sistemas.Core", "src\Service\Acme.Sistemas.Core\Acme.Sistemas.Core.csproj", "{0D5A81B4-DF31-4E34-8855-55B93818A83C}"
EndProject
Project("{FAE04EC0-301F-11D3-BF4B-00C04F79EFBC}") = "Acme.Sistemas.Domain", "src\Service\Acme.Sistemas.Domain\Acme.Sistemas.Domain.csproj", "{31EB2717-EB2F-45ED-8CC7-59749F96D15F}"
EndProject
Project("{FAE04EC0-301F-11D3-BF4B-00C04F79EFBC}") = "Acme.Sistemas.Services", "src\Service\Acme.Sistemas.Services\Acme.Sistemas.Services.csproj", "{A50EBFEA-20A0-492B-8DBE-E3F806EB1801}"
EndProject
Project("{2150E333-8FDC-42A3-9474-1A3956D46DE8}") = "Api", "Api", "{81034408-37C8-1011-444E-4C15C2FADA8E}"
EndProject
Project("{FAE04EC0-301F-11D3-BF4B-00C04F79EFBC}") = "Acme.Sistemas.Atena.Api", "src\Api\Acme.Sistemas.Atena.Api\Acme.Sistemas.Atena.Api.csproj", "{DDB42BB1-982F-4008-82BD-933ED5159D40}"
EndProject
Project("{2150E333-8FDC-42A3-9474-1A3956D46DE8}") = "Data", "Data", "{58A5B24B-8FB4-5A6E-5EF4-1E3E19F29B1B}"
EndProject
Project("{FAE04EC0-301F-11D3-BF4B-00C04F79EFBC}") = "Acme.Sistemas.Repository", "src\Data\Acme.Sistemas.Repository\Acme.Sistemas.Repository.csproj", "{5343204E-37A9-47A2-8FF1-44F3B4824B50}"
EndProject
Project("{FAE04EC0-301F-11D3-BF4B-00C04F79EFBC}") = "Acme.Sistemas.Infrastructure", "src\Data\Acme.Sistemas.Infrastructure\Acme.Sistemas.Infrastructure.csproj", "{B8CA22B8-A1CB-46AF-B511-234AE06973CC}"
EndProject
Project("{FAE04EC0-301F-11D3-BF4B-00C04F79EFBC}") = "Acme.Sistemas.ExternalIntegration", "src\Data\Acme.Sistemas.ExternalIntegration\Acme.Sistemas.ExternalIntegration.csproj", "{80F8F880-023A-4247-B393-00C9D57345F2}"
EndProject
Project("{2150E333-8FDC-42A3-9474-1A3956D46DE8}") = "test", "test", "{0C88DD14-F956-CE84-757C-A364CCF449FC}"
EndProject
Project("{2150E333-8FDC-42A3-9474-1A3956D46DE8}") = "Unit", "Unit", "{05A4E2C6-34EB-452A-C515-50BACA389F66}"
EndProject
Project("{FAE04EC0-301F-11D3-BF4B-00C04F79EFBC}") = "Acme.Sistemas.Services.UnitTest", "test\Unit\Acme.Sistemas.Services.UnitTest\Acme.Sistemas.Services.UnitTest.csproj", "{62F721EC-E563-469D-9DDE-F578B16C40C3}"
EndProject
Project("{2150E333-8FDC-42A3-9474-1A3956D46DE8}") = "Integration", "Integration", "{8C86A2ED-81A4-EB4F-37AF-255EBAE6B292}"
EndProject
Project("{FAE04EC0-301F-11D3-BF4B-00C04F79EFBC}") = "Acme.Sistemas.IntegrationTest", "test\Integration\Acme.Sistemas.IntegrationTest\Acme.Sistemas.IntegrationTest.csproj", "{491F55D3-CCA5-468F-9D48-387D222382C4}"
EndProject
Global
	GlobalSection(SolutionConfigurationPlatforms) = preSolution
		Debug|Any CPU = Debug|Any CPU
		Debug|x64 = Debug|x64
		Debug|x86 = Debug|x86
		Release|Any CPU = Release|Any CPU
		Release|x64 = Release|x64
		Release|x86 = Release|x86
	EndGlobalSection
	GlobalSection(ProjectConfigurationPlatforms) = postSolution
		{0D5A81B4-DF31-4E34-8855-55B93818A83C}.Debug|Any CPU.ActiveCfg = Debug|Any CPU
		{0D5A81B4-DF31-4E34-8855-55B93818A83C}.Debug|Any CPU.Build.0 = Debug|Any CPU
		{0D5A81B4-DF31-4E34-8855-55B93818A83C}.Debug|x64.ActiveCfg = Debug|Any CPU
		{0D5A81B4-DF31-4E34-8855-55B93818A83C}.Debug|x64.Build.0 = Debug|Any CPU
		{0D5A81B4-DF31-4E34-8855-55B93818A83C}.Debug|x86.ActiveCfg = Debug|Any CPU
		{0D5A81B4-DF31-4E34-8855-55B93818A83C}.Debug|x86.Build.0 = Debug|Any CPU
		{0D5A81B4-DF31-4E34-8855-55B93818A83C}.Release|Any CPU.ActiveCfg = Release|Any CPU
		{0D5A81B4-DF31-4E34-8855-55B93818A83C}.Release|Any CPU.Build.0 = Release|Any CPU
		{0D5A81B4-DF31-4E34-8855-55B93818A83C}.Release|x64.ActiveCfg = Release|Any CPU
		{0D5A81B4-DF31-4E34-8855-55B93818A83C}.Release|x64.Build.0 = Release|Any CPU
		{0D5A81B4-DF31-4E34-8855-55B93818A83C}.Release|x86.ActiveCfg = Release|Any CPU
		{0D5A81B4-DF31-4E34-8855-55B93818A83C}.Release|x86.Build.0 = Release|Any CPU
		{31EB2717-EB2F-45ED-8CC7-59749F96D15F}.Debug|Any CPU.ActiveCfg = Debug|Any CPU
		{31EB2717-EB2F-45ED-8CC7-59749F96D15F}.Debug|Any CPU.Build.0 = Debug|Any CPU
		{31EB2717-EB2F-45ED-8CC7-59749F96D15F}.Debug|x64.ActiveCfg = Debug|Any CPU
		{31EB2717-EB2F-45ED-8CC7-59749F96D15F}.Debug|x64.Build.0 = Debug|Any CPU
		{31EB2717-EB2F-45ED-8CC7-59749F96D15F}.Debug|x86.ActiveCfg = Debug|Any CPU
		{31EB2717-EB2F-45ED-8CC7-59749F96D15F}.Debug|x86.Build.0 = Debug|Any CPU
		{31EB2717-EB2F-45ED-8CC7-59749F96D15F}.Release|Any CPU.ActiveCfg = Release|Any CPU
		{31EB2717-EB2F-45ED-8CC7-59749F96D15F}.Release|Any CPU.Build.0 = Release|Any CPU
		{31EB2717-EB2F-45ED-8CC7-59749F96D15F}.Release|x64.ActiveCfg = Release|Any CPU
		{31EB2717-EB2F-45ED-8CC7-59749F96D15F}.Release|x64.Build.0 = Release|Any CPU
		{31EB2717-EB2F-45ED-8CC7-59749F96D15F}.Release|x86.ActiveCfg = Release|Any CPU
		{31EB2717-EB2F-45ED-8CC7-59749F96D15F}.Release|x86.Build.0 = Release|Any CPU
		{A50EBFEA-20A0-492B-8DBE-E3F806EB1801}.Debug|Any CPU.ActiveCfg = Debug|Any CPU
		{A50EBFEA-20A0-492B-8DBE-E3F806EB1801}.Debug|Any CPU.Build.0 = Debug|Any CPU
		{A50EBFEA-20A0-492B-8DBE-E3F806EB1801}.Debug|x64.ActiveCfg = Debug|Any CPU
		{A50EBFEA-20A0-492B-8DBE-E3F806EB1801}.Debug|x64.Build.0 = Debug|Any CPU
		{A50EBFEA-20A0-492B-8DBE-E3F806EB1801}.Debug|x86.ActiveCfg = Debug|Any CPU
		{A50EBFEA-20A0-492B-8DBE-E3F806EB1801}.Debug|x86.Build.0 = Debug|Any CPU
		{A50EBFEA-20A0-492B-8DBE-E3F806EB1801}.Release|Any CPU.ActiveCfg = Release|Any CPU
		{A50EBFEA-20A0-492B-8DBE-E3F806EB1801}.Release|Any CPU.Build.0 = Release|Any CPU
		{A50EBFEA-20A0-492B-8DBE-E3F806EB1801}.Release|x64.ActiveCfg = Release|Any CPU
		{A50EBFEA-20A0-492B-8DBE-E3F806EB1801}.Release|x64.Build.0 = Release|Any CPU
		{A50EBFEA-20A0-492B-8DBE-E3F806EB1801}.Release|x86.ActiveCfg = Release|Any CPU
		{A50EBFEA-20A0-492B-8DBE-E3F806EB1801}.Release|x86.Build.0 = Release|Any CPU
		{DDB42BB1-982F-4008-82BD-933ED5159D40}.Debug|Any CPU.ActiveCfg = Debug|Any CPU
		{DDB42BB1-982F-4008-82BD-933ED5159D40}.Debug|Any CPU.Build.0 = Debug|Any CPU
		{DDB42BB1-982F-4008-82BD-933ED5159D40}.Debug|x64.ActiveCfg = Debug|Any CPU
		{DDB42BB1-982F-4008-82BD-933ED5159D40}.Debug|x64.Build.0 = Debug|Any CPU
		{DDB42BB1-982F-4008-82BD-933ED5159D40}.Debug|x86.ActiveCfg = Debug|Any CPU
		{DDB42BB1-982F-4008-82BD-933ED5159D40}.Debug|x86.Build.0 = Debug|Any CPU
		{DDB42BB1-982F-4008-82BD-933ED5159D40}.Release|Any CPU.ActiveCfg = Release|Any CPU
		{DDB42BB1-982F-4008-82BD-933ED5159D40}.Release|Any CPU.Build.0 = Release|Any CPU
		{DDB42BB1-982F-4008-82BD-933ED5159D40}.Release|x64.ActiveCfg = Release|Any CPU
		{DDB42BB1-982F-4008-82BD-933ED5159D40}.Release|x64.Build.0 = Release|Any CPU
		{DDB42BB1-982F-4008-82BD-933ED5159D40}.Release|x86.ActiveCfg = Release|Any CPU
		{DDB42BB1-982F-4008-82BD-933ED5159D40}.Release|x86.Build.0 = Release|Any CPU
		{5343204E-37A9-47A2-8FF1-44F3B4824B50}.Debug|Any CPU.ActiveCfg = Debug|Any CPU
		{5343204E-37A9-47A2-8FF1-44F3B4824B50}.Debug|Any CPU.Build.0 = Debug|Any CPU
		{5343204E-37A9-47A2-8FF1-44F3B4824B50}.Debug|x64.ActiveCfg = Debug|Any CPU
		{5343204E-37A9-47A2-8FF1-44F3B4824B50}.Debug|x64.Build.0 = Debug|Any CPU
		{5343204E-37A9-47A2-8FF1-44F3B4824B50}.Debug|x86.ActiveCfg = Debug|Any CPU
		{5343204E-37A9-47A2-8FF1-44F3B4824B50}.Debug|x86.Build.0 = Debug|Any CPU
		{5343204E-37A9-47A2-8FF1-44F3B4824B50}.Release|Any CPU.ActiveCfg = Release|Any CPU
		{5343204E-37A9-47A2-8FF1-44F3B4824B50}.Release|Any CPU.Build.0 = Release|Any CPU
		{5343204E-37A9-47A2-8FF1-44F3B4824B50}.Release|x64.ActiveCfg = Release|Any CPU
		{5343204E-37A9-47A2-8FF1-44F3B4824B50}.Release|x64.Build.0 = Release|Any CPU
		{5343204E-37A9-47A2-8FF1-44F3B4824B50}.Release|x86.ActiveCfg = Release|Any CPU
		{5343204E-37A9-47A2-8FF1-44F3B4824B50}.Release|x86.Build.0 = Release|Any CPU
		{B8CA22B8-A1CB-46AF-B511-234AE06973CC}.Debug|Any CPU.ActiveCfg = Debug|Any CPU
		{B8CA22B8-A1CB-46AF-B511-234AE06973CC}.Debug|Any CPU.Build.0 = Debug|Any CPU
		{B8CA22B8-A1CB-46AF-B511-234AE06973CC}.Debug|x64.ActiveCfg = Debug|Any CPU
		{B8CA22B8-A1CB-46AF-B511-234AE06973CC}.Debug|x64.Build.0 = Debug|Any CPU
		{B8CA22B8-A1CB-46AF-B511-234AE06973CC}.Debug|x86.ActiveCfg = Debug|Any CPU
		{B8CA22B8-A1CB-46AF-B511-234AE06973CC}.Debug|x86.Build.0 = Debug|Any CPU
		{B8CA22B8-A1CB-46AF-B511-234AE06973CC}.Release|Any CPU.ActiveCfg = Release|Any CPU
		{B8CA22B8-A1CB-46AF-B511-234AE06973CC}.Release|Any CPU.Build.0 = Release|Any CPU
		{B8CA22B8-A1CB-46AF-B511-234AE06973CC}.Release|x64.ActiveCfg = Release|Any CPU
		{B8CA22B8-A1CB-46AF-B511-234AE06973CC}.Release|x64.Build.0 = Release|Any CPU
		{B8CA22B8-A1CB-46AF-B511-234AE06973CC}.Release|x86.ActiveCfg = Release|Any CPU
		{B8CA22B8-A1CB-46AF-B511-234AE06973CC}.Release|x86.Build.0 = Release|Any CPU
		{80F8F880-023A-4247-B393-00C9D57345F2}.Debug|Any CPU.ActiveCfg = Debug|Any CPU
		{80F8F880-023A-4247-B393-00C9D57345F2}.Debug|Any CPU.Build.0 = Debug|Any CPU
		{80F8F880-023A-4247-B393-00C9D57345F2}.Debug|x64.ActiveCfg = Debug|Any CPU
		{80F8F880-023A-4247-B393-00C9D57345F2}.Debug|x64.Build.0 = Debug|Any CPU
		{80F8F880-023A-4247-B393-00C9D57345F2}.Debug|x86.ActiveCfg = Debug|Any CPU
		{80F8F880-023A-4247-B393-00C9D57345F2}.Debug|x86.Build.0 = Debug|Any CPU
		{80F8F880-023A-4247-B393-00C9D57345F2}.Release|Any CPU.ActiveCfg = Release|Any CPU
		{80F8F880-023A-4247-B393-00C9D57345F2}.Release|Any CPU.Build.0 = Release|Any CPU
		{80F8F880-023A-4247-B393-00C9D57345F2}.Release|x64.ActiveCfg = Release|Any CPU
		{80F8F880-023A-4247-B393-00C9D57345F2}.Release|x64.Build.0 = Release|Any CPU
		{80F8F880-023A-4247-B393-00C9D57345F2}.Release|x86.ActiveCfg = Release|Any CPU
		{80F8F880-023A-4247-B393-00C9D57345F2}.Release|x86.Build.0 = Release|Any CPU
		{62F721EC-E563-469D-9DDE-F578B16C40C3}.Debug|Any CPU.ActiveCfg = Debug|Any CPU
		{62F721EC-E563-469D-9DDE-F578B16C40C3}.Debug|Any CPU.Build.0 = Debug|Any CPU
		{62F721EC-E563-469D-9DDE-F578B16C40C3}.Debug|x64.ActiveCfg = Debug|Any CPU
		{62F721EC-E563-469D-9DDE-F578B16C40C3}.Debug|x64.Build.0 = Debug|Any CPU
		{62F721EC-E563-469D-9DDE-F578B16C40C3}.Debug|x86.ActiveCfg = Debug|Any CPU
		{62F721EC-E563-469D-9DDE-F578B16C40C3}.Debug|x86.Build.0 = Debug|Any CPU
		{62F721EC-E563-469D-9DDE-F578B16C40C3}.Release|Any CPU.ActiveCfg = Release|Any CPU
		{62F721EC-E563-469D-9DDE-F578B16C40C3}.Release|Any CPU.Build.0 = Release|Any CPU
		{62F721EC-E563-469D-9DDE-F578B16C40C3}.Release|x64.ActiveCfg = Release|Any CPU
		{62F721EC-E563-469D-9DDE-F578B16C40C3}.Release|x64.Build.0 = Release|Any CPU
		{62F721EC-E563-469D-9DDE-F578B16C40C3}.Release|x86.ActiveCfg = Release|Any CPU
		{62F721EC-E563-469D-9DDE-F578B16C40C3}.Release|x86.Build.0 = Release|Any CPU
		{491F55D3-CCA5-468F-9D48-387D222382C4}.Debug|Any CPU.ActiveCfg = Debug|Any CPU
		{491F55D3-CCA5-468F-9D48-387D222382C4}.Debug|Any CPU.Build.0 = Debug|Any CPU
		{491F55D3-CCA5-468F-9D48-387D222382C4}.Debug|x64.ActiveCfg = Debug|Any CPU
		{491F55D3-CCA5-468F-9D48-387D222382C4}.Debug|x64.Build.0 = Debug|Any CPU
		{491F55D3-CCA5-468F-9D48-387D222382C4}.Debug|x86.ActiveCfg = Debug|Any CPU
		{491F55D3-CCA5-468F-9D48-387D222382C4}.Debug|x86.Build.0 = Debug|Any CPU
		{491F55D3-CCA5-468F-9D48-387D222382C4}.Release|Any CPU.ActiveCfg = Release|Any CPU
		{491F55D3-CCA5-468F-9D48-387D222382C4}.Release|Any CPU.Build.0 = Release|Any CPU
		{491F55D3-CCA5-468F-9D48-387D222382C4}.Release|x64.ActiveCfg = Release|Any CPU
		{491F55D3-CCA5-468F-9D48-387D222382C4}.Release|x64.Build.0 = Release|Any CPU
		{491F55D3-CCA5-468F-9D48-387D222382C4}.Release|x86.ActiveCfg = Release|Any CPU
		{491F55D3-CCA5-468F-9D48-387D222382C4}.Release|x86.Build.0 = Release|Any CPU
	EndGlobalSection
	GlobalSection(SolutionProperties) = preSolution
		HideSolutionNode = FALSE
	EndGlobalSection
	GlobalSection(NestedProjects) = preSolution
		{D40739C2-B365-88A5-00D6-6C74FD5CFB3F} = {827E0CD3-B72D-47B6-A68D-7590B98EB39B}
		{0D5A81B4-DF31-4E34-8855-55B93818A83C} = {D40739C2-B365-88A5-00D6-6C74FD5CFB3F}
		{31EB2717-EB2F-45ED-8CC7-59749F96D15F} = {D40739C2-B365-88A5-00D6-6C74FD5CFB3F}
		{A50EBFEA-20A0-492B-8DBE-E3F806EB1801} = {D40739C2-B365-88A5-00D6-6C74FD5CFB3F}
		{81034408-37C8-1011-444E-4C15C2FADA8E} = {827E0CD3-B72D-47B6-A68D-7590B98EB39B}
		{DDB42BB1-982F-4008-82BD-933ED5159D40} = {81034408-37C8-1011-444E-4C15C2FADA8E}
		{58A5B24B-8FB4-5A6E-5EF4-1E3E19F29B1B} = {827E0CD3-B72D-47B6-A68D-7590B98EB39B}
		{5343204E-37A9-47A2-8FF1-44F3B4824B50} = {58A5B24B-8FB4-5A6E-5EF4-1E3E19F29B1B}
		{B8CA22B8-A1CB-46AF-B511-234AE06973CC} = {58A5B24B-8FB4-5A6E-5EF4-1E3E19F29B1B}
		{80F8F880-023A-4247-B393-00C9D57345F2} = {58A5B24B-8FB4-5A6E-5EF4-1E3E19F29B1B}
		{05A4E2C6-34EB-452A-C515-50BACA389F66} = {0C88DD14-F956-CE84-757C-A364CCF449FC}
		{62F721EC-E563-469D-9DDE-F578B16C40C3} = {05A4E2C6-34EB-452A-C515-50BACA389F66}
		{8C86A2ED-81A4-EB4F-37AF-255EBAE6B292} = {0C88DD14-F956-CE84-757C-A364CCF449FC}
		{491F55D3-CCA5-468F-9D48-387D222382C4} = {8C86A2ED-81A4-EB4F-37AF-255EBAE6B292}
	EndGlobalSection
	GlobalSection(ExtensibilityGlobals) = postSolution
		SolutionGuid = {2E83BE21-2611-4F98-B6AA-355874201EEE}
	EndGlobalSection
EndGlobal
