
Microsoft Visual Studio Solution File, Format Version 12.00
# Visual Studio Version 16
VisualStudioVersion = 16.0.31229.75
MinimumVisualStudioVersion = 10.0.40219.1
Project("{FAE04EC0-301F-11D3-BF4B-00C04F79EFBC}") = "imagem.bar.francisco.api", "imagem.bar.francisco.api\imagem.bar.francisco.api.csproj", "{E31DDF54-2EDB-4D39-99E3-1C5856BD13FC}"
EndProject
Project("{FAE04EC0-301F-11D3-BF4B-00C04F79EFBC}") = "imagem.bar.francisco.application", "imagem.bar.francisco.application\imagem.bar.francisco.application.csproj", "{F8D4FF7D-DF61-4FD7-8104-47A1B0450F7B}"
EndProject
Project("{FAE04EC0-301F-11D3-BF4B-00C04F79EFBC}") = "imagem.bar.francisco.domain", "imagem.bar.francisco.domain\imagem.bar.francisco.domain.csproj", "{3B1BADD6-B74F-49DD-BD4D-836E1952D0B4}"
EndProject
Project("{FAE04EC0-301F-11D3-BF4B-00C04F79EFBC}") = "imagem.bar.francisco.infra", "imagem.bar.francisco.infra\imagem.bar.francisco.infra.csproj", "{651049C5-56AA-425F-9A78-1A308502B5C3}"
EndProject
Project("{FAE04EC0-301F-11D3-BF4B-00C04F79EFBC}") = "imagem.bar.francisco.repository", "imagem.bar.francisco.repository\imagem.bar.francisco.repository.csproj", "{665DA8C9-3EAC-48A8-B4A4-9E6280C70835}"
EndProject
Global
	GlobalSection(SolutionConfigurationPlatforms) = preSolution
		Debug|Any CPU = Debug|Any CPU
		Release|Any CPU = Release|Any CPU
	EndGlobalSection
	GlobalSection(ProjectConfigurationPlatforms) = postSolution
		{E31DDF54-2EDB-4D39-99E3-1C5856BD13FC}.Debug|Any CPU.ActiveCfg = Debug|Any CPU
		{E31DDF54-2EDB-4D39-99E3-1C5856BD13FC}.Debug|Any CPU.Build.0 = Debug|Any CPU
		{E31DDF54-2EDB-4D39-99E3-1C5856BD13FC}.Release|Any CPU.ActiveCfg = Release|Any CPU
		{E31DDF54-2EDB-4D39-99E3-1C5856BD13FC}.Release|Any CPU.Build.0 = Release|Any CPU
		{F8D4FF7D-DF61-4FD7-8104-47A1B0450F7B}.Debug|Any CPU.ActiveCfg = Debug|Any CPU
		{F8D4FF7D-DF61-4FD7-8104-47A1B0450F7B}.Debug|Any CPU.Build.0 = Debug|Any CPU
		{F8D4FF7D-DF61-4FD7-8104-47A1B0450F7B}.Release|Any CPU.ActiveCfg = Release|Any CPU
		{F8D4FF7D-DF61-4FD7-8104-47A1B0450F7B}.Release|Any CPU.Build.0 = Release|Any CPU
		{3B1BADD6-B74F-49DD-BD4D-836E1952D0B4}.Debug|Any CPU.ActiveCfg = Debug|Any CPU
		{3B1BADD6-B74F-49DD-BD4D-836E1952D0B4}.Debug|Any CPU.Build.0 = Debug|Any CPU
		{3B1BADD6-B74F-49DD-BD4D-836E1952D0B4}.Release|Any CPU.ActiveCfg = Release|Any CPU
		{3B1BADD6-B74F-49DD-BD4D-836E1952D0B4}.Release|Any CPU.Build.0 = Release|Any CPU
		{651049C5-56AA-425F-9A78-1A308502B5C3}.Debug|Any CPU.ActiveCfg = Debug|Any CPU
		{651049C5-56AA-425F-9A78-1A308502B5C3}.Debug|Any CPU.Build.0 = Debug|Any CPU
		{651049C5-56AA-425F-9A78-1A308502B5C3}.Release|Any CPU.ActiveCfg = Release|Any CPU
		{651049C5-56AA-425F-9A78-1A308502B5C3}.Release|Any CPU.Build.0 = Release|Any CPU
		{665DA8C9-3EAC-48A8-B4A4-9E6280C70835}.Debug|Any CPU.ActiveCfg = Debug|Any CPU
		{665DA8C9-3EAC-48A8-B4A4-9E6280C70835}.Debug|Any CPU.Build.0 = Debug|Any CPU
		{665DA8C9-3EAC-48A8-B4A4-9E6280C70835}.Release|Any CPU.ActiveCfg = Release|Any CPU
		{665DA8C9-3EAC-48A8-B4A4-9E6280C70835}.Release|Any CPU.Build.0 = Release|Any CPU
	EndGlobalSection
	GlobalSection(SolutionProperties) = preSolution
		HideSolutionNode = FALSE
	EndGlobalSection
	GlobalSection(ExtensibilityGlobals) = postSolution
		SolutionGuid = {2E83BE21-2611-4F98-B6AA-355874201EEE}
	EndGlobalSection
EndGlobal
